{
  "version": 4,
  "terraform_version": "1.0.11",
  "serial": 11,
  "lineage": "912a98c8-8955-b337-f38c-856cdc50f1df",
  "outputs": {
    "resource_group_id": {
      "value": "/subscriptions/5e84aec1-b98e-4e7b-861e-8e3f656015a0/resourceGroups/devwatch-rg",
      "type": "string"
    }
  },
  "resources": [
    {
      "mode": "managed",
      "type": "azurerm_resource_group",
      "name": "main_rg",
      "provider": "provider[\"registry.terraform.io/hashicorp/azurerm\"]",
      "instances": [
        {
          "schema_version": 0,
          "attributes": {
            "id": "/subscriptions/5e84aec1-b98e-4e7b-861e-8e3f656015a0/resourceGroups/devwatch-rg",
            "location": "canadacentral",
            "name": "devwatch-rg",
            "tags": {},
            "timeouts": null
          },
          "sensitive_attributes": [],
          "private": "eyJlMmJmYjczMC1lY2FhLTExZTYtOGY4OC0zNDM2M2JjN2M0YzAiOnsiY3JlYXRlIjo1NDAwMDAwMDAwMDAwLCJkZWxldGUiOjU0MDAwMDAwMDAwMDAsInJlYWQiOjMwMDAwMDAwMDAwMCwidXBkYXRlIjo1NDAwMDAwMDAwMDAwfX0="
        }
      ]
    },
    {
      "mode": "managed",
      "type": "azurerm_virtual_network",
      "name": "vnet",
      "provider": "provider[\"registry.terraform.io/hashicorp/azurerm\"]",
      "instances": [
        {
          "schema_version": 0,
          "attributes": {
            "address_space": [
              "10.0.0.0/16"
            ],
            "bgp_community": "",
            "ddos_protection_plan": [],
            "dns_servers": [],
            "flow_timeout_in_minutes": 0,
            "guid": "8f3a2938-54ca-4ea3-9bac-5601a1f63843",
            "id": "/subscriptions/5e84aec1-b98e-4e7b-861e-8e3f656015a0/resourceGroups/devwatch-rg/providers/Microsoft.Network/virtualNetworks/devwatch-vnet",
            "location": "canadacentral",
            "name": "devwatch-vnet",
            "resource_group_name": "devwatch-rg",
            "subnet": [],
            "tags": {},
            "timeouts": null,
            "vm_protection_enabled": false
          },
          "sensitive_attributes": [],
          "private": "eyJlMmJmYjczMC1lY2FhLTExZTYtOGY4OC0zNDM2M2JjN2M0YzAiOnsiY3JlYXRlIjoxODAwMDAwMDAwMDAwLCJkZWxldGUiOjE4MDAwMDAwMDAwMDAsInJlYWQiOjMwMDAwMDAwMDAwMCwidXBkYXRlIjoxODAwMDAwMDAwMDAwfX0=",
          "dependencies": [
            "azurerm_resource_group.main_rg"
          ]
        }
      ]
    }
  ]
}
